
Microsoft Visual Studio Solution File, Format Version 12.00
# Visual Studio Version 17
VisualStudioVersion = 17.14.36414.22 d17.14
MinimumVisualStudioVersion = 10.0.40219.1
Project("{FAE04EC0-301F-11D3-BF4B-00C04F79EFBC}") = "RoboticInbox", "RoboticInbox.csproj", "{4521DCD5-7F35-A8A3-331E-CFD0E6C720F6}"
EndProject
Global
	GlobalSection(SolutionConfigurationPlatforms) = preSolution
		Debug|Any CPU = Debug|Any CPU
		Release|Any CPU = Release|Any CPU
	EndGlobalSection
	GlobalSection(ProjectConfigurationPlatforms) = postSolution
		{4521DCD5-7F35-A8A3-331E-CFD0E6C720F6}.Debug|Any CPU.ActiveCfg = Debug|Any CPU
		{4521DCD5-7F35-A8A3-331E-CFD0E6C720F6}.Debug|Any CPU.Build.0 = Debug|Any CPU
		{4521DCD5-7F35-A8A3-331E-CFD0E6C720F6}.Release|Any CPU.ActiveCfg = Release|Any CPU
		{4521DCD5-7F35-A8A3-331E-CFD0E6C720F6}.Release|Any CPU.Build.0 = Release|Any CPU
	EndGlobalSection
	GlobalSection(SolutionProperties) = preSolution
		HideSolutionNode = FALSE
	EndGlobalSection
	GlobalSection(ExtensibilityGlobals) = postSolution
		SolutionGuid = {5FDACECB-1268-4771-931E-D5A7AAF2B5AD}
	EndGlobalSection
EndGlobal
